
Microsoft Visual Studio Solution File, Format Version 12.00
# Visual Studio 2012
Project("{FAE04EC0-301F-11D3-BF4B-00C04F79EFBC}") = "BandName", "BandName\BandName.csproj", "{26CA4691-A4DC-439D-83F3-96B6AA6884F8}"
EndProject
Project("{FAE04EC0-301F-11D3-BF4B-00C04F79EFBC}") = "BandName.iOS", "iOS\BandName.iOS.csproj", "{DB9AD24C-AC00-423F-BC42-C73BFBA6656C}"
EndProject
Project("{FAE04EC0-301F-11D3-BF4B-00C04F79EFBC}") = "BandName.Android", "Android\BandName.Android.csproj", "{5E61705D-5687-48E5-83EF-2108BBA76520}"
EndProject
Global
	GlobalSection(SolutionConfigurationPlatforms) = preSolution
		Debug|Any CPU = Debug|Any CPU
		Release|Any CPU = Release|Any CPU
		Debug|iPhoneSimulator = Debug|iPhoneSimulator
		Release|iPhoneSimulator = Release|iPhoneSimulator
		Debug|iPhone = Debug|iPhone
		Release|iPhone = Release|iPhone
		Ad-Hoc|iPhone = Ad-Hoc|iPhone
		AppStore|iPhone = AppStore|iPhone
	EndGlobalSection
	GlobalSection(ProjectConfigurationPlatforms) = postSolution
		{26CA4691-A4DC-439D-83F3-96B6AA6884F8}.Ad-Hoc|iPhone.ActiveCfg = Debug|Any CPU
		{26CA4691-A4DC-439D-83F3-96B6AA6884F8}.Ad-Hoc|iPhone.Build.0 = Debug|Any CPU
		{26CA4691-A4DC-439D-83F3-96B6AA6884F8}.AppStore|iPhone.ActiveCfg = Debug|Any CPU
		{26CA4691-A4DC-439D-83F3-96B6AA6884F8}.AppStore|iPhone.Build.0 = Debug|Any CPU
		{26CA4691-A4DC-439D-83F3-96B6AA6884F8}.Debug|Any CPU.ActiveCfg = Debug|Any CPU
		{26CA4691-A4DC-439D-83F3-96B6AA6884F8}.Debug|Any CPU.Build.0 = Debug|Any CPU
		{26CA4691-A4DC-439D-83F3-96B6AA6884F8}.Debug|iPhone.ActiveCfg = Debug|Any CPU
		{26CA4691-A4DC-439D-83F3-96B6AA6884F8}.Debug|iPhone.Build.0 = Debug|Any CPU
		{26CA4691-A4DC-439D-83F3-96B6AA6884F8}.Debug|iPhoneSimulator.ActiveCfg = Debug|Any CPU
		{26CA4691-A4DC-439D-83F3-96B6AA6884F8}.Debug|iPhoneSimulator.Build.0 = Debug|Any CPU
		{26CA4691-A4DC-439D-83F3-96B6AA6884F8}.Release|Any CPU.ActiveCfg = Release|Any CPU
		{26CA4691-A4DC-439D-83F3-96B6AA6884F8}.Release|Any CPU.Build.0 = Release|Any CPU
		{26CA4691-A4DC-439D-83F3-96B6AA6884F8}.Release|iPhone.ActiveCfg = Release|Any CPU
		{26CA4691-A4DC-439D-83F3-96B6AA6884F8}.Release|iPhone.Build.0 = Release|Any CPU
		{26CA4691-A4DC-439D-83F3-96B6AA6884F8}.Release|iPhoneSimulator.ActiveCfg = Release|Any CPU
		{26CA4691-A4DC-439D-83F3-96B6AA6884F8}.Release|iPhoneSimulator.Build.0 = Release|Any CPU
		{5E61705D-5687-48E5-83EF-2108BBA76520}.Ad-Hoc|iPhone.ActiveCfg = Debug|Any CPU
		{5E61705D-5687-48E5-83EF-2108BBA76520}.Ad-Hoc|iPhone.Build.0 = Debug|Any CPU
		{5E61705D-5687-48E5-83EF-2108BBA76520}.AppStore|iPhone.ActiveCfg = Debug|Any CPU
		{5E61705D-5687-48E5-83EF-2108BBA76520}.AppStore|iPhone.Build.0 = Debug|Any CPU
		{5E61705D-5687-48E5-83EF-2108BBA76520}.Debug|Any CPU.ActiveCfg = Debug|Any CPU
		{5E61705D-5687-48E5-83EF-2108BBA76520}.Debug|Any CPU.Build.0 = Debug|Any CPU
		{5E61705D-5687-48E5-83EF-2108BBA76520}.Debug|iPhone.ActiveCfg = Debug|Any CPU
		{5E61705D-5687-48E5-83EF-2108BBA76520}.Debug|iPhone.Build.0 = Debug|Any CPU
		{5E61705D-5687-48E5-83EF-2108BBA76520}.Debug|iPhoneSimulator.ActiveCfg = Debug|Any CPU
		{5E61705D-5687-48E5-83EF-2108BBA76520}.Debug|iPhoneSimulator.Build.0 = Debug|Any CPU
		{5E61705D-5687-48E5-83EF-2108BBA76520}.Release|Any CPU.ActiveCfg = Release|Any CPU
		{5E61705D-5687-48E5-83EF-2108BBA76520}.Release|Any CPU.Build.0 = Release|Any CPU
		{5E61705D-5687-48E5-83EF-2108BBA76520}.Release|iPhone.ActiveCfg = Release|Any CPU
		{5E61705D-5687-48E5-83EF-2108BBA76520}.Release|iPhone.Build.0 = Release|Any CPU
		{5E61705D-5687-48E5-83EF-2108BBA76520}.Release|iPhoneSimulator.ActiveCfg = Release|Any CPU
		{5E61705D-5687-48E5-83EF-2108BBA76520}.Release|iPhoneSimulator.Build.0 = Release|Any CPU
		{DB9AD24C-AC00-423F-BC42-C73BFBA6656C}.Ad-Hoc|iPhone.ActiveCfg = Ad-Hoc|iPhone
		{DB9AD24C-AC00-423F-BC42-C73BFBA6656C}.Ad-Hoc|iPhone.Build.0 = Ad-Hoc|iPhone
		{DB9AD24C-AC00-423F-BC42-C73BFBA6656C}.AppStore|iPhone.ActiveCfg = AppStore|iPhone
		{DB9AD24C-AC00-423F-BC42-C73BFBA6656C}.AppStore|iPhone.Build.0 = AppStore|iPhone
		{DB9AD24C-AC00-423F-BC42-C73BFBA6656C}.Debug|Any CPU.ActiveCfg = Debug|iPhoneSimulator
		{DB9AD24C-AC00-423F-BC42-C73BFBA6656C}.Debug|Any CPU.Build.0 = Debug|iPhoneSimulator
		{DB9AD24C-AC00-423F-BC42-C73BFBA6656C}.Debug|iPhone.ActiveCfg = Debug|iPhone
		{DB9AD24C-AC00-423F-BC42-C73BFBA6656C}.Debug|iPhone.Build.0 = Debug|iPhone
		{DB9AD24C-AC00-423F-BC42-C73BFBA6656C}.Debug|iPhoneSimulator.ActiveCfg = Debug|iPhoneSimulator
		{DB9AD24C-AC00-423F-BC42-C73BFBA6656C}.Debug|iPhoneSimulator.Build.0 = Debug|iPhoneSimulator
		{DB9AD24C-AC00-423F-BC42-C73BFBA6656C}.Release|Any CPU.ActiveCfg = Release|iPhoneSimulator
		{DB9AD24C-AC00-423F-BC42-C73BFBA6656C}.Release|Any CPU.Build.0 = Release|iPhoneSimulator
		{DB9AD24C-AC00-423F-BC42-C73BFBA6656C}.Release|iPhone.ActiveCfg = Release|iPhone
		{DB9AD24C-AC00-423F-BC42-C73BFBA6656C}.Release|iPhone.Build.0 = Release|iPhone
		{DB9AD24C-AC00-423F-BC42-C73BFBA6656C}.Release|iPhoneSimulator.ActiveCfg = Release|iPhoneSimulator
		{DB9AD24C-AC00-423F-BC42-C73BFBA6656C}.Release|iPhoneSimulator.Build.0 = Release|iPhoneSimulator
	EndGlobalSection
	GlobalSection(MonoDevelopProperties) = preSolution
		StartupItem = iOS\BandName.iOS.csproj
	EndGlobalSection
EndGlobal
